<?xml version="1.0" encoding="utf-8"?>
<Project ToolsVersion="4.0" xmlns="http://schemas.microsoft.com/developer/msbuild/2003">
  <ItemGroup>
    <Filter Include="win32">
      <UniqueIdentifier>{84a8ebd7-7cf0-47f6-b75e-d441df67da40}</UniqueIdentifier>
    </Filter>
    <Filter Include="Classes">
      <UniqueIdentifier>{bb6c862e-70e9-49d9-81b7-3829a6f50471}</UniqueIdentifier>
    </Filter>
    <Filter Include="Classes\Base">
      <UniqueIdentifier>{f1c5c7dc-f084-4e18-9113-c7ac2db34b8c}</UniqueIdentifier>
    </Filter>
    <Filter Include="Classes\FishGame">
      <UniqueIdentifier>{d6cddeb4-72e3-4348-8619-8911be303750}</UniqueIdentifier>
    </Filter>
    <Filter Include="Classes\FishGame\Test">
      <UniqueIdentifier>{2778afa4-b682-480e-9156-8a141bfb3a79}</UniqueIdentifier>
    </Filter>
    <Filter Include="Classes\WaterFilter">
      <UniqueIdentifier>{1105c83b-b695-48f5-833d-73f68fee9fed}</UniqueIdentifier>
    </Filter>
    <Filter Include="Classes\WaterFilter\Test">
      <UniqueIdentifier>{c338abb8-5903-41fc-930b-e09d290d6850}</UniqueIdentifier>
    </Filter>
    <Filter Include="Classes\FishGame\AIBase">
      <UniqueIdentifier>{c47ff76d-c206-4ed8-a380-3022f59c951a}</UniqueIdentifier>
    </Filter>
    <Filter Include="Classes\FishGame\AIBehaviors">
      <UniqueIdentifier>{f8d8a63c-f033-4ba4-a4ae-4b2f8b9ec768}</UniqueIdentifier>
    </Filter>
  </ItemGroup>
  <ItemGroup>
    <ClCompile Include="main.cpp">
      <Filter>win32</Filter>
    </ClCompile>
    <ClCompile Include="..\Classes\AppDelegate.cpp">
      <Filter>Classes</Filter>
    </ClCompile>
    <ClCompile Include="..\Classes\HelloWorldScene.cpp">
      <Filter>Classes</Filter>
    </ClCompile>
    <ClCompile Include="..\Classes\Base\TestBaseScene.cpp">
      <Filter>Classes\Base</Filter>
    </ClCompile>
    <ClCompile Include="..\Classes\TestMainScene.cpp">
      <Filter>Classes</Filter>
    </ClCompile>
    <ClCompile Include="..\Classes\FishGame\Test\FishGameTestScene.cpp">
      <Filter>Classes\FishGame\Test</Filter>
    </ClCompile>
    <ClCompile Include="..\Classes\WaterFilter\Test\WaterFilterTestScene.cpp">
      <Filter>Classes\WaterFilter\Test</Filter>
    </ClCompile>
    <ClCompile Include="..\Classes\FishGame\AIBase\GameObj.cpp">
      <Filter>Classes\FishGame\AIBase</Filter>
    </ClCompile>
    <ClCompile Include="..\Classes\FishGame\AIBase\MovingGameObj.cpp">
      <Filter>Classes\FishGame\AIBase</Filter>
    </ClCompile>
    <ClCompile Include="..\Classes\FishGame\AIBase\SteeringBehaviors.cpp">
      <Filter>Classes\FishGame\AIBase</Filter>
    </ClCompile>
    <ClCompile Include="..\Classes\Base\CommonFunction.cpp">
      <Filter>Classes\Base</Filter>
    </ClCompile>
    <ClCompile Include="..\Classes\FishGame\Test\SingleFishAITestScene.cpp">
      <Filter>Classes\FishGame\Test</Filter>
    </ClCompile>
    <ClCompile Include="..\Classes\FishGame\FishObj.cpp">
      <Filter>Classes\FishGame</Filter>
    </ClCompile>
    <ClCompile Include="..\Classes\FishGame\AIBehaviors\AIBehaviorWander.cpp">
      <Filter>Classes\FishGame\AIBehaviors</Filter>
    </ClCompile>
    <ClCompile Include="..\Classes\FishGame\AIBehaviors\AIBehaviorWallAvoidance.cpp">
      <Filter>Classes\FishGame\AIBehaviors</Filter>
    </ClCompile>
    <ClCompile Include="..\Classes\FishGame\AIBehaviors\AIBehaviorSeparation.cpp">
      <Filter>Classes\FishGame\AIBehaviors</Filter>
    </ClCompile>
    <ClCompile Include="..\Classes\FishGame\Test\DrawLayer.cpp">
      <Filter>Classes\FishGame\Test</Filter>
    </ClCompile>
    <ClCompile Include="..\Classes\FishGame\Test\MultiFishAITestScene.cpp">
      <Filter>Classes\FishGame\Test</Filter>
    </ClCompile>
    <ClCompile Include="..\Classes\WaterFilter\ShaderNode.cpp">
      <Filter>Classes\WaterFilter</Filter>
    </ClCompile>
    <ClCompile Include="..\Classes\FishGame\AIBehaviors\AIBehaviorCohesion.cpp">
      <Filter>Classes\FishGame\AIBehaviors</Filter>
    </ClCompile>
    <ClCompile Include="..\Classes\FishGame\AIBehaviors\AIBehaviorSeek.cpp">
      <Filter>Classes\FishGame\AIBehaviors</Filter>
    </ClCompile>
    <ClCompile Include="..\Classes\FishGame\AIBehaviors\AIBehaviorAlignment.cpp">
      <Filter>Classes\FishGame\AIBehaviors</Filter>
    </ClCompile>
  </ItemGroup>
  <ItemGroup>
    <ClInclude Include="main.h">
      <Filter>win32</Filter>
    </ClInclude>
    <ClInclude Include="..\Classes\AppDelegate.h">
      <Filter>Classes</Filter>
    </ClInclude>
    <ClInclude Include="..\Classes\HelloWorldScene.h">
      <Filter>Classes</Filter>
    </ClInclude>
    <ClInclude Include="..\Classes\Base\TestBaseScene.h">
      <Filter>Classes\Base</Filter>
    </ClInclude>
    <ClInclude Include="..\Classes\TestMainScene.h">
      <Filter>Classes</Filter>
    </ClInclude>
    <ClInclude Include="..\Classes\FishGame\Test\FishGameTestScene.h">
      <Filter>Classes\FishGame\Test</Filter>
    </ClInclude>
    <ClInclude Include="..\Classes\WaterFilter\Test\WaterFilterTestScene.h">
      <Filter>Classes\WaterFilter\Test</Filter>
    </ClInclude>
    <ClInclude Include="..\Classes\FishGame\AIBase\GameObj.h">
      <Filter>Classes\FishGame\AIBase</Filter>
    </ClInclude>
    <ClInclude Include="..\Classes\FishGame\AIBase\MovingGameObj.h">
      <Filter>Classes\FishGame\AIBase</Filter>
    </ClInclude>
    <ClInclude Include="..\Classes\FishGame\AIBase\SteeringBehaviors.h">
      <Filter>Classes\FishGame\AIBase</Filter>
    </ClInclude>
    <ClInclude Include="..\Classes\Base\DSList.h">
      <Filter>Classes\Base</Filter>
    </ClInclude>
    <ClInclude Include="..\Classes\Base\CommonFunction.h">
      <Filter>Classes\Base</Filter>
    </ClInclude>
    <ClInclude Include="..\Classes\FishGame\Test\SingleFishAITestScene.h">
      <Filter>Classes\FishGame\Test</Filter>
    </ClInclude>
    <ClInclude Include="..\Classes\FishGame\FishObj.h">
      <Filter>Classes\FishGame</Filter>
    </ClInclude>
    <ClInclude Include="..\Classes\FishGame\AIBase\AIBehaviors.h">
      <Filter>Classes\FishGame\AIBase</Filter>
    </ClInclude>
    <ClInclude Include="..\Classes\FishGame\AIBehaviors\AIBehaviorWander.h">
      <Filter>Classes\FishGame\AIBehaviors</Filter>
    </ClInclude>
    <ClInclude Include="..\Classes\FishGame\AIBehaviors\AIBehaviorWallAvoidacne.h">
      <Filter>Classes\FishGame\AIBehaviors</Filter>
    </ClInclude>
    <ClInclude Include="..\Classes\FishGame\AIBehaviors\AIBehaviorSeparation.h">
      <Filter>Classes\FishGame\AIBehaviors</Filter>
    </ClInclude>
    <ClInclude Include="..\Classes\FishGame\Test\MultiFishAITestScene.h">
      <Filter>Classes\FishGame\Test</Filter>
    </ClInclude>
    <ClInclude Include="..\Classes\FishGame\Test\DrawLayer.h">
      <Filter>Classes\FishGame\Test</Filter>
    </ClInclude>
    <ClInclude Include="..\Classes\FishGame\AIBehaviors\AIBehaviorSettings.h">
      <Filter>Classes\FishGame\AIBehaviors</Filter>
    </ClInclude>
    <ClInclude Include="..\Classes\WaterFilter\ShaderNode.h">
      <Filter>Classes\WaterFilter</Filter>
    </ClInclude>
    <ClInclude Include="..\Classes\FishGame\AIBehaviors\AIBehaviorCohesion.h">
      <Filter>Classes\FishGame\AIBehaviors</Filter>
    </ClInclude>
    <ClInclude Include="..\Classes\FishGame\AIBehaviors\AIBehaviorSeek.h">
      <Filter>Classes\FishGame\AIBehaviors</Filter>
    </ClInclude>
    <ClInclude Include="..\Classes\FishGame\AIBehaviors\AIBehaviorAlignment.h">
      <Filter>Classes\FishGame\AIBehaviors</Filter>
    </ClInclude>
  </ItemGroup>
</Project>